# THIS IS AN AUTOGENERATED FILE. DO NOT EDIT THIS FILE DIRECTLY.
# yarn lockfile v1


"@types/doublearray@*":
  version "0.0.29"
  resolved "https://registry.yarnpkg.com/@types/doublearray/-/doublearray-0.0.29.tgz#3cbe6bb616af524648d440bbdf784e9c1e34009d"
  integrity sha1-PL5rthavUkZI1EC733hOnB40AJ0=

"@types/kuromoji@^0.1.0":
  version "0.1.0"
  resolved "https://registry.yarnpkg.com/@types/kuromoji/-/kuromoji-0.1.0.tgz#c8576688644864afa0c81f4d841a7142ad5293a6"
  integrity sha512-gEAkIk4qxsK5ry64fCYFGjb3a+NQVOiNOT6fz0OyXizob+yewF4GFVX23GG4YNwKM2hB0J6fnMPMffFK+cYHnw==
  dependencies:
    "@types/doublearray" "*"

async@^2.0.1:
  version "2.6.3"
  resolved "https://registry.yarnpkg.com/async/-/async-2.6.3.tgz#d72625e2344a3656e3a3ad4fa749fa83299d82ff"
  integrity sha512-zflvls11DCy+dQWzTW2dzuilv8Z5X/pjfmZOWba6TNIVDm+2UDaJmXSOXlasHKfNBs8oo3M0aT50fDEWfKZjXg==
  dependencies:
    lodash "^4.17.14"

doublearray@0.0.2:
  version "0.0.2"
  resolved "https://registry.yarnpkg.com/doublearray/-/doublearray-0.0.2.tgz#63186fe8d34413276d3621f6aa0ec5f79e227ef9"
  integrity sha1-Yxhv6NNEEydtNiH2qg7F954ifvk=

kuromoji@0.1.1:
  version "0.1.1"
  resolved "https://registry.yarnpkg.com/kuromoji/-/kuromoji-0.1.1.tgz#4aabf39bcced8b8ad92d007a04a26be6da8477c9"
  integrity sha1-Sqvzm8zti4rZLQB6BKJr5tqEd8k=
  dependencies:
    async "^2.0.1"
    doublearray "0.0.2"
    zlibjs "^0.2.0"

kuromojin@^1.4.0:
  version "1.5.1"
  resolved "https://registry.yarnpkg.com/kuromojin/-/kuromojin-1.5.1.tgz#f5c4cc2d4a8b56343c7281f7def8d56309184078"
  integrity sha512-tzt3UUqWqzwHMsahchyrcs9kgbn6OM7xP4QRCd0w5vqE0lA/cjCH0OxjLaekz5cnxGmcy8RfN7La3xOxZOvJ1w==
  dependencies:
    kuromoji "0.1.1"

lodash@^4.17.14:
  version "4.17.21"
  resolved "https://registry.yarnpkg.com/lodash/-/lodash-4.17.21.tgz#679591c564c3bffaae8454cf0b3df370c3d6911c"
  integrity sha512-v2kDEe57lecTulaDIuNTPy3Ry4gLGJ6Z1O3vE1krgXZNrsQ+LFTGHVxVjcXPs17LhbZVGedAJv8XZ1tvj5FvSg==

zlibjs@^0.2.0:
  version "0.2.0"
  resolved "https://registry.yarnpkg.com/zlibjs/-/zlibjs-0.2.0.tgz#ae20f06243293d85c255563189f9b12f5b3ba1a0"
  integrity sha1-riDwYkMpPYXCVVYxifmxL1s7oaA=
